
Microsoft Visual Studio Solution File, Format Version 12.00
# Visual Studio Version 17
VisualStudioVersion = 17.7.34031.279
MinimumVisualStudioVersion = 10.0.40219.1
Project("{FAE04EC0-301F-11D3-BF4B-00C04F79EFBC}") = "ConsoleApp9", "ConsoleApp9\ConsoleApp9.csproj", "{B0415EDD-56C9-48CC-8E97-4BF1BACA2F67}"
EndProject
Global
	GlobalSection(SolutionConfigurationPlatforms) = preSolution
		Debug|Any CPU = Debug|Any CPU
		Release|Any CPU = Release|Any CPU
	EndGlobalSection
	GlobalSection(ProjectConfigurationPlatforms) = postSolution
		{B0415EDD-56C9-48CC-8E97-4BF1BACA2F67}.Debug|Any CPU.ActiveCfg = Debug|Any CPU
		{B0415EDD-56C9-48CC-8E97-4BF1BACA2F67}.Debug|Any CPU.Build.0 = Debug|Any CPU
		{B0415EDD-56C9-48CC-8E97-4BF1BACA2F67}.Release|Any CPU.ActiveCfg = Release|Any CPU
		{B0415EDD-56C9-48CC-8E97-4BF1BACA2F67}.Release|Any CPU.Build.0 = Release|Any CPU
	EndGlobalSection
	GlobalSection(SolutionProperties) = preSolution
		HideSolutionNode = FALSE
	EndGlobalSection
	GlobalSection(ExtensibilityGlobals) = postSolution
		SolutionGuid = {82306B06-BEFA-43B5-9456-94EA4E219E07}
	EndGlobalSection
EndGlobal
